
Microsoft Visual Studio Solution File, Format Version 12.00
# Visual Studio 15
VisualStudioVersion = 15.0.27428.2015
MinimumVisualStudioVersion = 10.0.40219.1
Project("{FAE04EC0-301F-11D3-BF4B-00C04F79EFBC}") = "Sales Contracts", "Sales Contracts\Sales Contracts.csproj", "{5BB8C7AE-3171-4F9D-AFB9-32ADA2721794}"
EndProject
Global
	GlobalSection(SolutionConfigurationPlatforms) = preSolution
		Debug|Any CPU = Debug|Any CPU
		Release|Any CPU = Release|Any CPU
	EndGlobalSection
	GlobalSection(ProjectConfigurationPlatforms) = postSolution
		{5BB8C7AE-3171-4F9D-AFB9-32ADA2721794}.Debug|Any CPU.ActiveCfg = Debug|Any CPU
		{5BB8C7AE-3171-4F9D-AFB9-32ADA2721794}.Debug|Any CPU.Build.0 = Debug|Any CPU
		{5BB8C7AE-3171-4F9D-AFB9-32ADA2721794}.Release|Any CPU.ActiveCfg = Release|Any CPU
		{5BB8C7AE-3171-4F9D-AFB9-32ADA2721794}.Release|Any CPU.Build.0 = Release|Any CPU
	EndGlobalSection
	GlobalSection(SolutionProperties) = preSolution
		HideSolutionNode = FALSE
	EndGlobalSection
	GlobalSection(ExtensibilityGlobals) = postSolution
		SolutionGuid = {53FE69D1-8856-41CB-8014-44016A13809F}
	EndGlobalSection
EndGlobal
